
Microsoft Visual Studio Solution File, Format Version 12.00
# Visual Studio Version 17
VisualStudioVersion = 17.5.33424.131
MinimumVisualStudioVersion = 10.0.40219.1
Project("{FAE04EC0-301F-11D3-BF4B-00C04F79EFBC}") = "ConsoleApp6", "ConsoleApp6\ConsoleApp6.csproj", "{A456D58D-1964-4538-9C1E-29542076DBFE}"
EndProject
Global
	GlobalSection(SolutionConfigurationPlatforms) = preSolution
		Debug|Any CPU = Debug|Any CPU
		Release|Any CPU = Release|Any CPU
	EndGlobalSection
	GlobalSection(ProjectConfigurationPlatforms) = postSolution
		{A456D58D-1964-4538-9C1E-29542076DBFE}.Debug|Any CPU.ActiveCfg = Debug|Any CPU
		{A456D58D-1964-4538-9C1E-29542076DBFE}.Debug|Any CPU.Build.0 = Debug|Any CPU
		{A456D58D-1964-4538-9C1E-29542076DBFE}.Release|Any CPU.ActiveCfg = Release|Any CPU
		{A456D58D-1964-4538-9C1E-29542076DBFE}.Release|Any CPU.Build.0 = Release|Any CPU
	EndGlobalSection
	GlobalSection(SolutionProperties) = preSolution
		HideSolutionNode = FALSE
	EndGlobalSection
	GlobalSection(ExtensibilityGlobals) = postSolution
		SolutionGuid = {70EFBC0B-7E0B-4428-A657-D324C8FC6643}
	EndGlobalSection
EndGlobal
